{
  "version": 1,
  "dependencies": {
    "net10.0": {
      "LanguageExt.Core": {
        "type": "Direct",
        "requested": "[5.0.0-beta-77, )",
        "resolved": "5.0.0-beta-77",
        "contentHash": "zVBqn2alHIDTOSjgWDUo31irEg59ZfM6T8e24UcUn6o/F+5Qr0jRjGPp2LzME7PHyKh+crK+boBmdCAFguwqjw=="
      },
      "Meziantou.Analyzer": {
        "type": "Direct",
        "requested": "[3.0.1, )",
        "resolved": "3.0.1",
        "contentHash": "Z/5cQIOTITr21tTod3rn4x/c5JKoWKnQrztOpQuzh4ieRGPEE2RkFB8ZF2V/ZTFqv2X3IudMwzaujIKYg4oegg=="
      },
      "Microsoft.VisualStudio.Threading.Analyzers": {
        "type": "Direct",
        "requested": "[17.14.15, )",
        "resolved": "17.14.15",
        "contentHash": "mXQPJsbuUD2ydq4/ffd8h8tSOFCXec+2xJOVNCvXjuMOq/+5EKHq3D2m2MC2+nUaXeFMSt66VS/J4HdKBixgcw=="
      },
      "NodaTime": {
        "type": "Direct",
        "requested": "[3.3.0, )",
        "resolved": "3.3.0",
        "contentHash": "zmUEQPp9yXyGAqWSBhxfwdDhRh4EV04lvYn4P5bUb6dTz1m5AXTYaeSLQ447YLPI2Ge5VGFj20G2DWg5gtiXZg=="
      },
      "RhinoCommon": {
        "type": "Direct",
        "requested": "[9.0.25350.305-wip, )",
        "resolved": "9.0.25350.305-wip",
        "contentHash": "C/oMUSCv6rd9CHXk/GXNxvImXPcSsLExH2+RU9SdXYSlkJi4jOimIxMCXC6/XhpMXZ7U+8i5dZtofn4x7nOSAA==",
        "dependencies": {
          "System.Drawing.Common": "8.0.0"
        }
      },
      "Thinktecture.Runtime.Extensions": {
        "type": "Direct",
        "requested": "[10.0.0, )",
        "resolved": "10.0.0",
        "contentHash": "SMD8CMaZ0XTaapBLbCdZueU4z+eSFrRC21wibeI4u8vQ5HkgiEB8DBV88tg4rIB1nmYIopl54j8zYKlnUtYucA==",
        "dependencies": {
          "Thinktecture.Runtime.Extensions.SourceGenerator": "10.0.0"
        }
      },
      "Microsoft.Win32.SystemEvents": {
        "type": "Transitive",
        "resolved": "8.0.0",
        "contentHash": "9opKRyOKMCi2xJ7Bj7kxtZ1r9vbzosMvRrdEhVhDz8j8MoBGgB+WmC94yH839NPH+BclAjtQ/pyagvi/8gDLkw=="
      },
      "System.Drawing.Common": {
        "type": "Transitive",
        "resolved": "8.0.0",
        "contentHash": "JkbHJjtI/dWc5dfmEdJlbe3VwgZqCkZRtfuWFh5GOv0f+gGCfBtzMpIVkmdkj2AObO9y+oiOi81UGwH3aBYuqA==",
        "dependencies": {
          "Microsoft.Win32.SystemEvents": "8.0.0"
        }
      },
      "Thinktecture.Runtime.Extensions.SourceGenerator": {
        "type": "Transitive",
        "resolved": "10.0.0",
        "contentHash": "pc08h1dR+QUEdAxZLd5yMfYfvtb4EshmNOfmBbjMOJMKTFL3ASecX5U6vALra8TcIOonfeL6V2zwKoJCuCGPDQ=="
      }
    }
  }
}